
Microsoft Visual Studio Solution File, Format Version 12.00
# Visual Studio Version 17
VisualStudioVersion = 17.10.34928.147
MinimumVisualStudioVersion = 10.0.40219.1
Project("{FAE04EC0-301F-11D3-BF4B-00C04F79EFBC}") = "posystem", "posystem\posystem.csproj", "{DEBE5122-2400-40B4-BFE6-060E61511184}"
EndProject
Global
	GlobalSection(SolutionConfigurationPlatforms) = preSolution
		Debug|Any CPU = Debug|Any CPU
		Release|Any CPU = Release|Any CPU
	EndGlobalSection
	GlobalSection(ProjectConfigurationPlatforms) = postSolution
		{DEBE5122-2400-40B4-BFE6-060E61511184}.Debug|Any CPU.ActiveCfg = Debug|Any CPU
		{DEBE5122-2400-40B4-BFE6-060E61511184}.Debug|Any CPU.Build.0 = Debug|Any CPU
		{DEBE5122-2400-40B4-BFE6-060E61511184}.Release|Any CPU.ActiveCfg = Release|Any CPU
		{DEBE5122-2400-40B4-BFE6-060E61511184}.Release|Any CPU.Build.0 = Release|Any CPU
	EndGlobalSection
	GlobalSection(SolutionProperties) = preSolution
		HideSolutionNode = FALSE
	EndGlobalSection
	GlobalSection(ExtensibilityGlobals) = postSolution
		SolutionGuid = {FBEABE5F-2F41-495A-A042-D36CDBB3D7E2}
	EndGlobalSection
EndGlobal
